
Microsoft Visual Studio Solution File, Format Version 12.00
# Visual Studio Version 17
VisualStudioVersion = 17.14.36616.10 d17.14
MinimumVisualStudioVersion = 10.0.40219.1
Project("{FAE04EC0-301F-11D3-BF4B-00C04F79EFBC}") = "DigitalGarden", "DigitalGarden\DigitalGarden\DigitalGarden.csproj", "{43FB2861-211B-465C-B6E8-2A7FBEF1BB45}"
EndProject
Project("{FAE04EC0-301F-11D3-BF4B-00C04F79EFBC}") = "DigitalGarden.Client", "DigitalGarden\DigitalGarden.Client\DigitalGarden.Client.csproj", "{830D7CFA-E0A3-483F-A34B-E3186D8D4D1A}"
EndProject
Global
	GlobalSection(SolutionConfigurationPlatforms) = preSolution
		Debug|Any CPU = Debug|Any CPU
		Release|Any CPU = Release|Any CPU
	EndGlobalSection
	GlobalSection(ProjectConfigurationPlatforms) = postSolution
		{43FB2861-211B-465C-B6E8-2A7FBEF1BB45}.Debug|Any CPU.ActiveCfg = Debug|Any CPU
		{43FB2861-211B-465C-B6E8-2A7FBEF1BB45}.Debug|Any CPU.Build.0 = Debug|Any CPU
		{43FB2861-211B-465C-B6E8-2A7FBEF1BB45}.Release|Any CPU.ActiveCfg = Release|Any CPU
		{43FB2861-211B-465C-B6E8-2A7FBEF1BB45}.Release|Any CPU.Build.0 = Release|Any CPU
		{830D7CFA-E0A3-483F-A34B-E3186D8D4D1A}.Debug|Any CPU.ActiveCfg = Debug|Any CPU
		{830D7CFA-E0A3-483F-A34B-E3186D8D4D1A}.Debug|Any CPU.Build.0 = Debug|Any CPU
		{830D7CFA-E0A3-483F-A34B-E3186D8D4D1A}.Release|Any CPU.ActiveCfg = Release|Any CPU
		{830D7CFA-E0A3-483F-A34B-E3186D8D4D1A}.Release|Any CPU.Build.0 = Release|Any CPU
	EndGlobalSection
	GlobalSection(SolutionProperties) = preSolution
		HideSolutionNode = FALSE
	EndGlobalSection
	GlobalSection(ExtensibilityGlobals) = postSolution
		SolutionGuid = {FE8D5E31-1560-46B7-83E5-4A1519C9BF3C}
	EndGlobalSection
EndGlobal
